// !$*UTF8*$!
{
	archiveVersion = 1;
	classes = {
	};
	objectVersion = 52;
	objects = {

/* Begin PBXBuildFile section */
		BE1251E724969745006F264B /* AppDelegate.swift in Sources */ = {isa = PBXBuildFile; fileRef = BE1251E624969745006F264B /* AppDelegate.swift */; };
		BE1251EB24969745006F264B /* AppTabBarController.swift in Sources */ = {isa = PBXBuildFile; fileRef = BE1251EA24969745006F264B /* AppTabBarController.swift */; };
		BE1251F02496974E006F264B /* Assets.xcassets in Resources */ = {isa = PBXBuildFile; fileRef = BE1251EF2496974E006F264B /* Assets.xcassets */; };
		BE1251F32496974E006F264B /* LaunchScreen.storyboard in Resources */ = {isa = PBXBuildFile; fileRef = BE1251F12496974E006F264B /* LaunchScreen.storyboard */; };
		BE1251FF24969DF4006F264B /* Colors.swift in Sources */ = {isa = PBXBuildFile; fileRef = BE1251FE24969DF4006F264B /* Colors.swift */; };
		BE12520B2497BF79006F264B /* HomeViewController.swift in Sources */ = {isa = PBXBuildFile; fileRef = BE12520A2497BF79006F264B /* HomeViewController.swift */; };
		BE12520D2497C2F8006F264B /* ExtensionView.swift in Sources */ = {isa = PBXBuildFile; fileRef = BE12520C2497C2F8006F264B /* ExtensionView.swift */; };
		BE12520F2497CD4A006F264B /* HomeView.swift in Sources */ = {isa = PBXBuildFile; fileRef = BE12520E2497CD4A006F264B /* HomeView.swift */; };
		BE1252132498BEB0006F264B /* RoundButtonWithIcon.swift in Sources */ = {isa = PBXBuildFile; fileRef = BE1252122498BEB0006F264B /* RoundButtonWithIcon.swift */; };
		BE1252172499290F006F264B /* HomeAddView.swift in Sources */ = {isa = PBXBuildFile; fileRef = BE1252162499290F006F264B /* HomeAddView.swift */; };
		BE12521924993F60006F264B /* HomeLowerContainerView.swift in Sources */ = {isa = PBXBuildFile; fileRef = BE12521824993F60006F264B /* HomeLowerContainerView.swift */; };
		BE12521C24995EA5006F264B /* HomeUpperConteinerView.swift in Sources */ = {isa = PBXBuildFile; fileRef = BE12521B24995EA5006F264B /* HomeUpperConteinerView.swift */; };
		BE12521E2499784C006F264B /* Student.swift in Sources */ = {isa = PBXBuildFile; fileRef = BE12521D2499784C006F264B /* Student.swift */; };
		BE125225249A07AC006F264B /* ChoosableListController.swift in Sources */ = {isa = PBXBuildFile; fileRef = BE125224249A07AC006F264B /* ChoosableListController.swift */; };
		BE125227249A5E3F006F264B /* ChooseLabelView.swift in Sources */ = {isa = PBXBuildFile; fileRef = BE125226249A5E3F006F264B /* ChooseLabelView.swift */; };
		BE125229249A6306006F264B /* ChooseLabelDoneBTView.swift in Sources */ = {isa = PBXBuildFile; fileRef = BE125228249A6306006F264B /* ChooseLabelDoneBTView.swift */; };
		BE12522B249AB014006F264B /* ChooseCollectionListView.swift in Sources */ = {isa = PBXBuildFile; fileRef = BE12522A249AB014006F264B /* ChooseCollectionListView.swift */; };
		BE12524F249CD204006F264B /* ListViewCell.swift in Sources */ = {isa = PBXBuildFile; fileRef = BE12524E249CD203006F264B /* ListViewCell.swift */; };
		BE125252249D338C006F264B /* ListHeaderView.swift in Sources */ = {isa = PBXBuildFile; fileRef = BE125251249D338C006F264B /* ListHeaderView.swift */; };
		BE125254249F873B006F264B /* ListCollectionView.swift in Sources */ = {isa = PBXBuildFile; fileRef = BE125253249F873B006F264B /* ListCollectionView.swift */; };
		BE125256249F8B92006F264B /* ContactsManager.swift in Sources */ = {isa = PBXBuildFile; fileRef = BE125255249F8B92006F264B /* ContactsManager.swift */; };
		BE125259249F8D6D006F264B /* CellSectionInfo.swift in Sources */ = {isa = PBXBuildFile; fileRef = BE125258249F8D6D006F264B /* CellSectionInfo.swift */; };
		BE12525B249FD0C7006F264B /* Protocols.swift in Sources */ = {isa = PBXBuildFile; fileRef = BE12525A249FD0C6006F264B /* Protocols.swift */; };
		BE12525E249FD3A4006F264B /* ListViewCellSubtitle.swift in Sources */ = {isa = PBXBuildFile; fileRef = BE12525D249FD3A4006F264B /* ListViewCellSubtitle.swift */; };
		BE12526024A0BE65006F264B /* CustomListView.swift in Sources */ = {isa = PBXBuildFile; fileRef = BE12525F24A0BE65006F264B /* CustomListView.swift */; };
		BE12526324A0E5D4006F264B /* Enums.swift in Sources */ = {isa = PBXBuildFile; fileRef = BE12526224A0E5D4006F264B /* Enums.swift */; };
		BE12526524A0E644006F264B /* StudentsManager.swift in Sources */ = {isa = PBXBuildFile; fileRef = BE12526424A0E644006F264B /* StudentsManager.swift */; };
		BE12526824A0EC4E006F264B /* NewGroupCollectionVC.swift in Sources */ = {isa = PBXBuildFile; fileRef = BE12526724A0EC4E006F264B /* NewGroupCollectionVC.swift */; };
		BE12526A24A103FE006F264B /* NewGroupLowerCell.swift in Sources */ = {isa = PBXBuildFile; fileRef = BE12526924A103FE006F264B /* NewGroupLowerCell.swift */; };
		BE12526C24A104C8006F264B /* NewGroupUpperCell.swift in Sources */ = {isa = PBXBuildFile; fileRef = BE12526B24A104C8006F264B /* NewGroupUpperCell.swift */; };
		BE12526E24A14046006F264B /* CustomNavigationController.swift in Sources */ = {isa = PBXBuildFile; fileRef = BE12526D24A14046006F264B /* CustomNavigationController.swift */; };
		BE12529024A3739E006F264B /* RectButtonWithImgTitle.swift in Sources */ = {isa = PBXBuildFile; fileRef = BE12528F24A3739E006F264B /* RectButtonWithImgTitle.swift */; };
		BE12529224A3BEBF006F264B /* NewGroupLowerContrainerView.swift in Sources */ = {isa = PBXBuildFile; fileRef = BE12529124A3BEBE006F264B /* NewGroupLowerContrainerView.swift */; };
		BE12529424A3BED0006F264B /* NewGroupUpperContrainerView.swift in Sources */ = {isa = PBXBuildFile; fileRef = BE12529324A3BED0006F264B /* NewGroupUpperContrainerView.swift */; };
		BE17D9B524B1E33B00F20AEF /* GenerateScheduleStepOneVC.swift in Sources */ = {isa = PBXBuildFile; fileRef = BE17D9B424B1E33B00F20AEF /* GenerateScheduleStepOneVC.swift */; };
		BE17D9B824B1E84E00F20AEF /* GenerateStepOneButtonsContainer.swift in Sources */ = {isa = PBXBuildFile; fileRef = BE17D9B724B1E84E00F20AEF /* GenerateStepOneButtonsContainer.swift */; };
		BE17D9BA24B1EB2200F20AEF /* RectButtonWithTitle.swift in Sources */ = {isa = PBXBuildFile; fileRef = BE17D9B924B1EB2200F20AEF /* RectButtonWithTitle.swift */; };
		BE17D9BC24B1ED4800F20AEF /* GenerateSOTitleBTView.swift in Sources */ = {isa = PBXBuildFile; fileRef = BE17D9BB24B1ED4800F20AEF /* GenerateSOTitleBTView.swift */; };
		BE26F91324ADC1BA00664510 /* CustomCollectionViewCell.swift in Sources */ = {isa = PBXBuildFile; fileRef = BE26F91224ADC1BA00664510 /* CustomCollectionViewCell.swift */; };
		BE26F91524ADC1DD00664510 /* CustomView.swift in Sources */ = {isa = PBXBuildFile; fileRef = BE26F91424ADC1DD00664510 /* CustomView.swift */; };
		BE26F91724ADC35E00664510 /* NewStudentCollectionVC.swift in Sources */ = {isa = PBXBuildFile; fileRef = BE26F91624ADC35E00664510 /* NewStudentCollectionVC.swift */; };
		BE26F91B24ADC57700664510 /* TitleAndTextFieldView.swift in Sources */ = {isa = PBXBuildFile; fileRef = BE26F91A24ADC57700664510 /* TitleAndTextFieldView.swift */; };
		BE26F91D24ADDBDB00664510 /* CustomTextField.swift in Sources */ = {isa = PBXBuildFile; fileRef = BE26F91C24ADDBDB00664510 /* CustomTextField.swift */; };
		BE40E99824B10C81009BC085 /* ListCollectionViewController.swift in Sources */ = {isa = PBXBuildFile; fileRef = BE40E99724B10C81009BC085 /* ListCollectionViewController.swift */; };
		BE870ECA24AB9005005E8B23 /* Configurations.swift in Sources */ = {isa = PBXBuildFile; fileRef = BE870EC924AB9005005E8B23 /* Configurations.swift */; };
		BE870ECC24AC7414005E8B23 /* NewGroupStudentCell.swift in Sources */ = {isa = PBXBuildFile; fileRef = BE870ECB24AC7414005E8B23 /* NewGroupStudentCell.swift */; };
		BE870ECE24AC7A1F005E8B23 /* NewGroupCharHeader.swift in Sources */ = {isa = PBXBuildFile; fileRef = BE870ECD24AC7A1F005E8B23 /* NewGroupCharHeader.swift */; };
		BE956C1224B0B0E10028C69A /* StudentInfoVC.swift in Sources */ = {isa = PBXBuildFile; fileRef = BE956C1124B0B0E10028C69A /* StudentInfoVC.swift */; };
		BE956C1524B0B6AF0028C69A /* HeadTitleAndSubTitleView.swift in Sources */ = {isa = PBXBuildFile; fileRef = BE956C1424B0B6AF0028C69A /* HeadTitleAndSubTitleView.swift */; };
		BE956C1724B0ECE60028C69A /* GroupInfoVC.swift in Sources */ = {isa = PBXBuildFile; fileRef = BE956C1624B0ECE60028C69A /* GroupInfoVC.swift */; };
		BEB323C524B06A1E00DD288B /* IQKeyboardManagerSwift in Frameworks */ = {isa = PBXBuildFile; productRef = BEB323C424B06A1E00DD288B /* IQKeyboardManagerSwift */; };
/* End PBXBuildFile section */

/* Begin PBXFileReference section */
		BE1251E324969745006F264B /* Teacher's_Week.app */ = {isa = PBXFileReference; explicitFileType = wrapper.application; includeInIndex = 0; path = "Teacher's_Week.app"; sourceTree = BUILT_PRODUCTS_DIR; };
		BE1251E624969745006F264B /* AppDelegate.swift */ = {isa = PBXFileReference; lastKnownFileType = sourcecode.swift; path = AppDelegate.swift; sourceTree = "<group>"; };
		BE1251EA24969745006F264B /* AppTabBarController.swift */ = {isa = PBXFileReference; lastKnownFileType = sourcecode.swift; path = AppTabBarController.swift; sourceTree = "<group>"; };
		BE1251EF2496974E006F264B /* Assets.xcassets */ = {isa = PBXFileReference; lastKnownFileType = folder.assetcatalog; path = Assets.xcassets; sourceTree = "<group>"; };
		BE1251F22496974E006F264B /* Base */ = {isa = PBXFileReference; lastKnownFileType = file.storyboard; name = Base; path = Base.lproj/LaunchScreen.storyboard; sourceTree = "<group>"; };
		BE1251F42496974E006F264B /* Info.plist */ = {isa = PBXFileReference; lastKnownFileType = text.plist.xml; path = Info.plist; sourceTree = "<group>"; };
		BE1251FE24969DF4006F264B /* Colors.swift */ = {isa = PBXFileReference; lastKnownFileType = sourcecode.swift; path = Colors.swift; sourceTree = "<group>"; };
		BE12520A2497BF79006F264B /* HomeViewController.swift */ = {isa = PBXFileReference; lastKnownFileType = sourcecode.swift; path = HomeViewController.swift; sourceTree = "<group>"; };
		BE12520C2497C2F8006F264B /* ExtensionView.swift */ = {isa = PBXFileReference; lastKnownFileType = sourcecode.swift; path = ExtensionView.swift; sourceTree = "<group>"; };
		BE12520E2497CD4A006F264B /* HomeView.swift */ = {isa = PBXFileReference; lastKnownFileType = sourcecode.swift; path = HomeView.swift; sourceTree = "<group>"; };
		BE1252122498BEB0006F264B /* RoundButtonWithIcon.swift */ = {isa = PBXFileReference; lastKnownFileType = sourcecode.swift; path = RoundButtonWithIcon.swift; sourceTree = "<group>"; };
		BE1252162499290F006F264B /* HomeAddView.swift */ = {isa = PBXFileReference; lastKnownFileType = sourcecode.swift; path = HomeAddView.swift; sourceTree = "<group>"; };
		BE12521824993F60006F264B /* HomeLowerContainerView.swift */ = {isa = PBXFileReference; lastKnownFileType = sourcecode.swift; path = HomeLowerContainerView.swift; sourceTree = "<group>"; };
		BE12521B24995EA5006F264B /* HomeUpperConteinerView.swift */ = {isa = PBXFileReference; lastKnownFileType = sourcecode.swift; path = HomeUpperConteinerView.swift; sourceTree = "<group>"; };
		BE12521D2499784C006F264B /* Student.swift */ = {isa = PBXFileReference; lastKnownFileType = sourcecode.swift; path = Student.swift; sourceTree = "<group>"; };
		BE125224249A07AC006F264B /* ChoosableListController.swift */ = {isa = PBXFileReference; lastKnownFileType = sourcecode.swift; path = ChoosableListController.swift; sourceTree = "<group>"; };
		BE125226249A5E3F006F264B /* ChooseLabelView.swift */ = {isa = PBXFileReference; lastKnownFileType = sourcecode.swift; path = ChooseLabelView.swift; sourceTree = "<group>"; };
		BE125228249A6306006F264B /* ChooseLabelDoneBTView.swift */ = {isa = PBXFileReference; lastKnownFileType = sourcecode.swift; path = ChooseLabelDoneBTView.swift; sourceTree = "<group>"; };
		BE12522A249AB014006F264B /* ChooseCollectionListView.swift */ = {isa = PBXFileReference; lastKnownFileType = sourcecode.swift; path = ChooseCollectionListView.swift; sourceTree = "<group>"; };
		BE12524E249CD203006F264B /* ListViewCell.swift */ = {isa = PBXFileReference; lastKnownFileType = sourcecode.swift; path = ListViewCell.swift; sourceTree = "<group>"; };
		BE125251249D338C006F264B /* ListHeaderView.swift */ = {isa = PBXFileReference; lastKnownFileType = sourcecode.swift; path = ListHeaderView.swift; sourceTree = "<group>"; };
		BE125253249F873B006F264B /* ListCollectionView.swift */ = {isa = PBXFileReference; lastKnownFileType = sourcecode.swift; name = ListCollectionView.swift; path = ../../View/ChoosableListControllerViews/CollectionListView/ListCollectionView.swift; sourceTree = "<group>"; };
		BE125255249F8B92006F264B /* ContactsManager.swift */ = {isa = PBXFileReference; lastKnownFileType = sourcecode.swift; path = ContactsManager.swift; sourceTree = "<group>"; };
		BE125258249F8D6D006F264B /* CellSectionInfo.swift */ = {isa = PBXFileReference; lastKnownFileType = sourcecode.swift; path = CellSectionInfo.swift; sourceTree = "<group>"; };
		BE12525A249FD0C6006F264B /* Protocols.swift */ = {isa = PBXFileReference; lastKnownFileType = sourcecode.swift; path = Protocols.swift; sourceTree = "<group>"; };
		BE12525D249FD3A4006F264B /* ListViewCellSubtitle.swift */ = {isa = PBXFileReference; lastKnownFileType = sourcecode.swift; path = ListViewCellSubtitle.swift; sourceTree = "<group>"; };
		BE12525F24A0BE65006F264B /* CustomListView.swift */ = {isa = PBXFileReference; lastKnownFileType = sourcecode.swift; path = CustomListView.swift; sourceTree = "<group>"; };
		BE12526224A0E5D4006F264B /* Enums.swift */ = {isa = PBXFileReference; lastKnownFileType = sourcecode.swift; path = Enums.swift; sourceTree = "<group>"; };
		BE12526424A0E644006F264B /* StudentsManager.swift */ = {isa = PBXFileReference; lastKnownFileType = sourcecode.swift; path = StudentsManager.swift; sourceTree = "<group>"; };
		BE12526724A0EC4E006F264B /* NewGroupCollectionVC.swift */ = {isa = PBXFileReference; lastKnownFileType = sourcecode.swift; path = NewGroupCollectionVC.swift; sourceTree = "<group>"; };
		BE12526924A103FE006F264B /* NewGroupLowerCell.swift */ = {isa = PBXFileReference; lastKnownFileType = sourcecode.swift; path = NewGroupLowerCell.swift; sourceTree = "<group>"; };
		BE12526B24A104C8006F264B /* NewGroupUpperCell.swift */ = {isa = PBXFileReference; lastKnownFileType = sourcecode.swift; path = NewGroupUpperCell.swift; sourceTree = "<group>"; };
		BE12526D24A14046006F264B /* CustomNavigationController.swift */ = {isa = PBXFileReference; lastKnownFileType = sourcecode.swift; path = CustomNavigationController.swift; sourceTree = "<group>"; };
		BE12528F24A3739E006F264B /* RectButtonWithImgTitle.swift */ = {isa = PBXFileReference; lastKnownFileType = sourcecode.swift; path = RectButtonWithImgTitle.swift; sourceTree = "<group>"; };
		BE12529124A3BEBE006F264B /* NewGroupLowerContrainerView.swift */ = {isa = PBXFileReference; lastKnownFileType = sourcecode.swift; path = NewGroupLowerContrainerView.swift; sourceTree = "<group>"; };
		BE12529324A3BED0006F264B /* NewGroupUpperContrainerView.swift */ = {isa = PBXFileReference; lastKnownFileType = sourcecode.swift; path = NewGroupUpperContrainerView.swift; sourceTree = "<group>"; };
		BE17D9B424B1E33B00F20AEF /* GenerateScheduleStepOneVC.swift */ = {isa = PBXFileReference; lastKnownFileType = sourcecode.swift; path = GenerateScheduleStepOneVC.swift; sourceTree = "<group>"; };
		BE17D9B724B1E84E00F20AEF /* GenerateStepOneButtonsContainer.swift */ = {isa = PBXFileReference; lastKnownFileType = sourcecode.swift; path = GenerateStepOneButtonsContainer.swift; sourceTree = "<group>"; };
		BE17D9B924B1EB2200F20AEF /* RectButtonWithTitle.swift */ = {isa = PBXFileReference; lastKnownFileType = sourcecode.swift; path = RectButtonWithTitle.swift; sourceTree = "<group>"; };
		BE17D9BB24B1ED4800F20AEF /* GenerateSOTitleBTView.swift */ = {isa = PBXFileReference; lastKnownFileType = sourcecode.swift; path = GenerateSOTitleBTView.swift; sourceTree = "<group>"; };
		BE26F91224ADC1BA00664510 /* CustomCollectionViewCell.swift */ = {isa = PBXFileReference; lastKnownFileType = sourcecode.swift; path = CustomCollectionViewCell.swift; sourceTree = "<group>"; };
		BE26F91424ADC1DD00664510 /* CustomView.swift */ = {isa = PBXFileReference; lastKnownFileType = sourcecode.swift; path = CustomView.swift; sourceTree = "<group>"; };
		BE26F91624ADC35E00664510 /* NewStudentCollectionVC.swift */ = {isa = PBXFileReference; lastKnownFileType = sourcecode.swift; path = NewStudentCollectionVC.swift; sourceTree = "<group>"; };
		BE26F91A24ADC57700664510 /* TitleAndTextFieldView.swift */ = {isa = PBXFileReference; lastKnownFileType = sourcecode.swift; path = TitleAndTextFieldView.swift; sourceTree = "<group>"; };
		BE26F91C24ADDBDB00664510 /* CustomTextField.swift */ = {isa = PBXFileReference; lastKnownFileType = sourcecode.swift; path = CustomTextField.swift; sourceTree = "<group>"; };
		BE40E99724B10C81009BC085 /* ListCollectionViewController.swift */ = {isa = PBXFileReference; lastKnownFileType = sourcecode.swift; path = ListCollectionViewController.swift; sourceTree = "<group>"; };
		BE870EC924AB9005005E8B23 /* Configurations.swift */ = {isa = PBXFileReference; lastKnownFileType = sourcecode.swift; path = Configurations.swift; sourceTree = "<group>"; };
		BE870ECB24AC7414005E8B23 /* NewGroupStudentCell.swift */ = {isa = PBXFileReference; lastKnownFileType = sourcecode.swift; path = NewGroupStudentCell.swift; sourceTree = "<group>"; };
		BE870ECD24AC7A1F005E8B23 /* NewGroupCharHeader.swift */ = {isa = PBXFileReference; lastKnownFileType = sourcecode.swift; path = NewGroupCharHeader.swift; sourceTree = "<group>"; };
		BE956C1124B0B0E10028C69A /* StudentInfoVC.swift */ = {isa = PBXFileReference; lastKnownFileType = sourcecode.swift; path = StudentInfoVC.swift; sourceTree = "<group>"; };
		BE956C1424B0B6AF0028C69A /* HeadTitleAndSubTitleView.swift */ = {isa = PBXFileReference; lastKnownFileType = sourcecode.swift; path = HeadTitleAndSubTitleView.swift; sourceTree = "<group>"; };
		BE956C1624B0ECE60028C69A /* GroupInfoVC.swift */ = {isa = PBXFileReference; lastKnownFileType = sourcecode.swift; path = GroupInfoVC.swift; sourceTree = "<group>"; };
/* End PBXFileReference section */

/* Begin PBXFrameworksBuildPhase section */
		BE1251E024969745006F264B /* Frameworks */ = {
			isa = PBXFrameworksBuildPhase;
			buildActionMask = 2147483647;
			files = (
				BEB323C524B06A1E00DD288B /* IQKeyboardManagerSwift in Frameworks */,
			);
			runOnlyForDeploymentPostprocessing = 0;
		};
/* End PBXFrameworksBuildPhase section */

/* Begin PBXGroup section */
		BE1251DA24969745006F264B = {
			isa = PBXGroup;
			children = (
				BE1251E524969745006F264B /* Teacher's_Week */,
				BE1251E424969745006F264B /* Products */,
				BE125200249764AD006F264B /* External_Classes */,
			);
			sourceTree = "<group>";
		};
		BE1251E424969745006F264B /* Products */ = {
			isa = PBXGroup;
			children = (
				BE1251E324969745006F264B /* Teacher's_Week.app */,
			);
			name = Products;
			sourceTree = "<group>";
		};
		BE1251E524969745006F264B /* Teacher's_Week */ = {
			isa = PBXGroup;
			children = (
				BE12525C249FD2C0006F264B /* Tmp */,
				BE1251FD24969DDD006F264B /* Helpers */,
				BE1251FC24969DC3006F264B /* Controller */,
				BE1251FB24969DA3006F264B /* Model */,
				BE1251FA24969D9C006F264B /* View */,
				BE1251E624969745006F264B /* AppDelegate.swift */,
				BE1251EF2496974E006F264B /* Assets.xcassets */,
				BE1251F12496974E006F264B /* LaunchScreen.storyboard */,
				BE1251F42496974E006F264B /* Info.plist */,
			);
			path = "Teacher's_Week";
			sourceTree = "<group>";
		};
		BE1251FA24969D9C006F264B /* View */ = {
			isa = PBXGroup;
			children = (
				BE17D9B624B1E7DF00F20AEF /* GenerateScheduleStepOneViews */,
				BE956C1324B0B68B0028C69A /* StudentInfo */,
				BE26F91924ADC51B00664510 /* NewStudentViews */,
				BE12526624A0EBCC006F264B /* NewGroupViews */,
				BE125221249A05F5006F264B /* ChoosableListControllerViews */,
				BE12521A24993FBE006F264B /* HomeView */,
			);
			path = View;
			sourceTree = "<group>";
		};
		BE1251FB24969DA3006F264B /* Model */ = {
			isa = PBXGroup;
			children = (
				BE125258249F8D6D006F264B /* CellSectionInfo.swift */,
				BE12521D2499784C006F264B /* Student.swift */,
				BE125255249F8B92006F264B /* ContactsManager.swift */,
				BE12526424A0E644006F264B /* StudentsManager.swift */,
				BE870EC924AB9005005E8B23 /* Configurations.swift */,
			);
			path = Model;
			sourceTree = "<group>";
		};
		BE1251FC24969DC3006F264B /* Controller */ = {
			isa = PBXGroup;
			children = (
				BE1251EA24969745006F264B /* AppTabBarController.swift */,
				BE12520A2497BF79006F264B /* HomeViewController.swift */,
				BE125224249A07AC006F264B /* ChoosableListController.swift */,
				BE12526724A0EC4E006F264B /* NewGroupCollectionVC.swift */,
				BE26F91624ADC35E00664510 /* NewStudentCollectionVC.swift */,
				BE956C1124B0B0E10028C69A /* StudentInfoVC.swift */,
				BE956C1624B0ECE60028C69A /* GroupInfoVC.swift */,
				BE40E99724B10C81009BC085 /* ListCollectionViewController.swift */,
				BE17D9B424B1E33B00F20AEF /* GenerateScheduleStepOneVC.swift */,
			);
			path = Controller;
			sourceTree = "<group>";
		};
		BE1251FD24969DDD006F264B /* Helpers */ = {
			isa = PBXGroup;
			children = (
				BE26F91824ADC36E00664510 /* CustomControllers */,
				BE12526124A0D71B006F264B /* CustomViews */,
				BE1251FE24969DF4006F264B /* Colors.swift */,
				BE12525A249FD0C6006F264B /* Protocols.swift */,
				BE12526224A0E5D4006F264B /* Enums.swift */,
			);
			path = Helpers;
			sourceTree = "<group>";
		};
		BE125200249764AD006F264B /* External_Classes */ = {
			isa = PBXGroup;
			children = (
			);
			path = External_Classes;
			sourceTree = "<group>";
		};
		BE12521A24993FBE006F264B /* HomeView */ = {
			isa = PBXGroup;
			children = (
				BE12520E2497CD4A006F264B /* HomeView.swift */,
				BE1252162499290F006F264B /* HomeAddView.swift */,
				BE12521824993F60006F264B /* HomeLowerContainerView.swift */,
				BE12521B24995EA5006F264B /* HomeUpperConteinerView.swift */,
			);
			path = HomeView;
			sourceTree = "<group>";
		};
		BE125221249A05F5006F264B /* ChoosableListControllerViews */ = {
			isa = PBXGroup;
			children = (
				BE125250249D31DD006F264B /* CollectionListView */,
				BE125226249A5E3F006F264B /* ChooseLabelView.swift */,
				BE125228249A6306006F264B /* ChooseLabelDoneBTView.swift */,
			);
			path = ChoosableListControllerViews;
			sourceTree = "<group>";
		};
		BE125250249D31DD006F264B /* CollectionListView */ = {
			isa = PBXGroup;
			children = (
				BE12524E249CD203006F264B /* ListViewCell.swift */,
				BE125251249D338C006F264B /* ListHeaderView.swift */,
				BE12525D249FD3A4006F264B /* ListViewCellSubtitle.swift */,
			);
			path = CollectionListView;
			sourceTree = "<group>";
		};
		BE12525C249FD2C0006F264B /* Tmp */ = {
			isa = PBXGroup;
			children = (
				BE12526924A103FE006F264B /* NewGroupLowerCell.swift */,
				BE12526B24A104C8006F264B /* NewGroupUpperCell.swift */,
				BE12522A249AB014006F264B /* ChooseCollectionListView.swift */,
			);
			path = Tmp;
			sourceTree = "<group>";
		};
		BE12526124A0D71B006F264B /* CustomViews */ = {
			isa = PBXGroup;
			children = (
				BE12520C2497C2F8006F264B /* ExtensionView.swift */,
				BE12525F24A0BE65006F264B /* CustomListView.swift */,
				BE1252122498BEB0006F264B /* RoundButtonWithIcon.swift */,
				BE12528F24A3739E006F264B /* RectButtonWithImgTitle.swift */,
				BE26F91224ADC1BA00664510 /* CustomCollectionViewCell.swift */,
				BE26F91424ADC1DD00664510 /* CustomView.swift */,
				BE125253249F873B006F264B /* ListCollectionView.swift */,
				BE26F91C24ADDBDB00664510 /* CustomTextField.swift */,
				BE17D9B924B1EB2200F20AEF /* RectButtonWithTitle.swift */,
			);
			path = CustomViews;
			sourceTree = "<group>";
		};
		BE12526624A0EBCC006F264B /* NewGroupViews */ = {
			isa = PBXGroup;
			children = (
				BE12529124A3BEBE006F264B /* NewGroupLowerContrainerView.swift */,
				BE12529324A3BED0006F264B /* NewGroupUpperContrainerView.swift */,
				BE870ECB24AC7414005E8B23 /* NewGroupStudentCell.swift */,
				BE870ECD24AC7A1F005E8B23 /* NewGroupCharHeader.swift */,
			);
			path = NewGroupViews;
			sourceTree = "<group>";
		};
		BE17D9B624B1E7DF00F20AEF /* GenerateScheduleStepOneViews */ = {
			isa = PBXGroup;
			children = (
				BE17D9B724B1E84E00F20AEF /* GenerateStepOneButtonsContainer.swift */,
				BE17D9BB24B1ED4800F20AEF /* GenerateSOTitleBTView.swift */,
			);
			path = GenerateScheduleStepOneViews;
			sourceTree = "<group>";
		};
		BE26F91824ADC36E00664510 /* CustomControllers */ = {
			isa = PBXGroup;
			children = (
				BE12526D24A14046006F264B /* CustomNavigationController.swift */,
			);
			path = CustomControllers;
			sourceTree = "<group>";
		};
		BE26F91924ADC51B00664510 /* NewStudentViews */ = {
			isa = PBXGroup;
			children = (
				BE26F91A24ADC57700664510 /* TitleAndTextFieldView.swift */,
			);
			path = NewStudentViews;
			sourceTree = "<group>";
		};
		BE956C1324B0B68B0028C69A /* StudentInfo */ = {
			isa = PBXGroup;
			children = (
				BE956C1424B0B6AF0028C69A /* HeadTitleAndSubTitleView.swift */,
			);
			path = StudentInfo;
			sourceTree = "<group>";
		};
/* End PBXGroup section */

/* Begin PBXNativeTarget section */
		BE1251E224969745006F264B /* Teacher's_Week */ = {
			isa = PBXNativeTarget;
			buildConfigurationList = BE1251F72496974E006F264B /* Build configuration list for PBXNativeTarget "Teacher's_Week" */;
			buildPhases = (
				BE1251DF24969745006F264B /* Sources */,
				BE1251E024969745006F264B /* Frameworks */,
				BE1251E124969745006F264B /* Resources */,
			);
			buildRules = (
			);
			dependencies = (
			);
			name = "Teacher's_Week";
			packageProductDependencies = (
				BEB323C424B06A1E00DD288B /* IQKeyboardManagerSwift */,
			);
			productName = "Teacher's_Week";
			productReference = BE1251E324969745006F264B /* Teacher's_Week.app */;
			productType = "com.apple.product-type.application";
		};
/* End PBXNativeTarget section */

/* Begin PBXProject section */
		BE1251DB24969745006F264B /* Project object */ = {
			isa = PBXProject;
			attributes = {
				LastSwiftUpdateCheck = 1130;
				LastUpgradeCheck = 1130;
				ORGANIZATIONNAME = "jenia kushnarenko";
				TargetAttributes = {
					BE1251E224969745006F264B = {
						CreatedOnToolsVersion = 11.3.1;
					};
				};
			};
			buildConfigurationList = BE1251DE24969745006F264B /* Build configuration list for PBXProject "Teacher's_Week" */;
			compatibilityVersion = "Xcode 9.3";
			developmentRegion = en;
			hasScannedForEncodings = 0;
			knownRegions = (
				en,
				Base,
			);
			mainGroup = BE1251DA24969745006F264B;
			packageReferences = (
				BEB323C324B06A1E00DD288B /* XCRemoteSwiftPackageReference "IQKeyboardManager" */,
			);
			productRefGroup = BE1251E424969745006F264B /* Products */;
			projectDirPath = "";
			projectRoot = "";
			targets = (
				BE1251E224969745006F264B /* Teacher's_Week */,
			);
		};
/* End PBXProject section */

/* Begin PBXResourcesBuildPhase section */
		BE1251E124969745006F264B /* Resources */ = {
			isa = PBXResourcesBuildPhase;
			buildActionMask = 2147483647;
			files = (
				BE1251F32496974E006F264B /* LaunchScreen.storyboard in Resources */,
				BE1251F02496974E006F264B /* Assets.xcassets in Resources */,
			);
			runOnlyForDeploymentPostprocessing = 0;
		};
/* End PBXResourcesBuildPhase section */

/* Begin PBXSourcesBuildPhase section */
		BE1251DF24969745006F264B /* Sources */ = {
			isa = PBXSourcesBuildPhase;
			buildActionMask = 2147483647;
			files = (
				BE125259249F8D6D006F264B /* CellSectionInfo.swift in Sources */,
				BE1251EB24969745006F264B /* AppTabBarController.swift in Sources */,
				BE26F91B24ADC57700664510 /* TitleAndTextFieldView.swift in Sources */,
				BE12526324A0E5D4006F264B /* Enums.swift in Sources */,
				BE26F91D24ADDBDB00664510 /* CustomTextField.swift in Sources */,
				BE1251FF24969DF4006F264B /* Colors.swift in Sources */,
				BE870ECE24AC7A1F005E8B23 /* NewGroupCharHeader.swift in Sources */,
				BE12525B249FD0C7006F264B /* Protocols.swift in Sources */,
				BE26F91524ADC1DD00664510 /* CustomView.swift in Sources */,
				BE870ECA24AB9005005E8B23 /* Configurations.swift in Sources */,
				BE12529024A3739E006F264B /* RectButtonWithImgTitle.swift in Sources */,
				BE12521C24995EA5006F264B /* HomeUpperConteinerView.swift in Sources */,
				BE1252172499290F006F264B /* HomeAddView.swift in Sources */,
				BE125256249F8B92006F264B /* ContactsManager.swift in Sources */,
				BE125252249D338C006F264B /* ListHeaderView.swift in Sources */,
				BE26F91724ADC35E00664510 /* NewStudentCollectionVC.swift in Sources */,
				BE12525E249FD3A4006F264B /* ListViewCellSubtitle.swift in Sources */,
				BE12522B249AB014006F264B /* ChooseCollectionListView.swift in Sources */,
				BE1251E724969745006F264B /* AppDelegate.swift in Sources */,
				BE17D9B824B1E84E00F20AEF /* GenerateStepOneButtonsContainer.swift in Sources */,
				BE956C1524B0B6AF0028C69A /* HeadTitleAndSubTitleView.swift in Sources */,
				BE12529424A3BED0006F264B /* NewGroupUpperContrainerView.swift in Sources */,
				BE1252132498BEB0006F264B /* RoundButtonWithIcon.swift in Sources */,
				BE12526E24A14046006F264B /* CustomNavigationController.swift in Sources */,
				BE12526A24A103FE006F264B /* NewGroupLowerCell.swift in Sources */,
				BE40E99824B10C81009BC085 /* ListCollectionViewController.swift in Sources */,
				BE26F91324ADC1BA00664510 /* CustomCollectionViewCell.swift in Sources */,
				BE12521E2499784C006F264B /* Student.swift in Sources */,
				BE12520F2497CD4A006F264B /* HomeView.swift in Sources */,
				BE12526824A0EC4E006F264B /* NewGroupCollectionVC.swift in Sources */,
				BE12526024A0BE65006F264B /* CustomListView.swift in Sources */,
				BE12521924993F60006F264B /* HomeLowerContainerView.swift in Sources */,
				BE12526524A0E644006F264B /* StudentsManager.swift in Sources */,
				BE870ECC24AC7414005E8B23 /* NewGroupStudentCell.swift in Sources */,
				BE125227249A5E3F006F264B /* ChooseLabelView.swift in Sources */,
				BE12526C24A104C8006F264B /* NewGroupUpperCell.swift in Sources */,
				BE12520B2497BF79006F264B /* HomeViewController.swift in Sources */,
				BE17D9BA24B1EB2200F20AEF /* RectButtonWithTitle.swift in Sources */,
				BE956C1224B0B0E10028C69A /* StudentInfoVC.swift in Sources */,
				BE17D9BC24B1ED4800F20AEF /* GenerateSOTitleBTView.swift in Sources */,
				BE125254249F873B006F264B /* ListCollectionView.swift in Sources */,
				BE12529224A3BEBF006F264B /* NewGroupLowerContrainerView.swift in Sources */,
				BE125225249A07AC006F264B /* ChoosableListController.swift in Sources */,
				BE12524F249CD204006F264B /* ListViewCell.swift in Sources */,
				BE125229249A6306006F264B /* ChooseLabelDoneBTView.swift in Sources */,
				BE17D9B524B1E33B00F20AEF /* GenerateScheduleStepOneVC.swift in Sources */,
				BE956C1724B0ECE60028C69A /* GroupInfoVC.swift in Sources */,
				BE12520D2497C2F8006F264B /* ExtensionView.swift in Sources */,
			);
			runOnlyForDeploymentPostprocessing = 0;
		};
/* End PBXSourcesBuildPhase section */

/* Begin PBXVariantGroup section */
		BE1251F12496974E006F264B /* LaunchScreen.storyboard */ = {
			isa = PBXVariantGroup;
			children = (
				BE1251F22496974E006F264B /* Base */,
			);
			name = LaunchScreen.storyboard;
			sourceTree = "<group>";
		};
/* End PBXVariantGroup section */

/* Begin XCBuildConfiguration section */
		BE1251F52496974E006F264B /* Debug */ = {
			isa = XCBuildConfiguration;
			buildSettings = {
				ALWAYS_SEARCH_USER_PATHS = NO;
				CLANG_ANALYZER_NONNULL = YES;
				CLANG_ANALYZER_NUMBER_OBJECT_CONVERSION = YES_AGGRESSIVE;
				CLANG_CXX_LANGUAGE_STANDARD = "gnu++14";
				CLANG_CXX_LIBRARY = "libc++";
				CLANG_ENABLE_MODULES = YES;
				CLANG_ENABLE_OBJC_ARC = YES;
				CLANG_ENABLE_OBJC_WEAK = YES;
				CLANG_WARN_BLOCK_CAPTURE_AUTORELEASING = YES;
				CLANG_WARN_BOOL_CONVERSION = YES;
				CLANG_WARN_COMMA = YES;
				CLANG_WARN_CONSTANT_CONVERSION = YES;
				CLANG_WARN_DEPRECATED_OBJC_IMPLEMENTATIONS = YES;
				CLANG_WARN_DIRECT_OBJC_ISA_USAGE = YES_ERROR;
				CLANG_WARN_DOCUMENTATION_COMMENTS = YES;
				CLANG_WARN_EMPTY_BODY = YES;
				CLANG_WARN_ENUM_CONVERSION = YES;
				CLANG_WARN_INFINITE_RECURSION = YES;
				CLANG_WARN_INT_CONVERSION = YES;
				CLANG_WARN_NON_LITERAL_NULL_CONVERSION = YES;
				CLANG_WARN_OBJC_IMPLICIT_RETAIN_SELF = YES;
				CLANG_WARN_OBJC_LITERAL_CONVERSION = YES;
				CLANG_WARN_OBJC_ROOT_CLASS = YES_ERROR;
				CLANG_WARN_RANGE_LOOP_ANALYSIS = YES;
				CLANG_WARN_STRICT_PROTOTYPES = YES;
				CLANG_WARN_SUSPICIOUS_MOVE = YES;
				CLANG_WARN_UNGUARDED_AVAILABILITY = YES_AGGRESSIVE;
				CLANG_WARN_UNREACHABLE_CODE = YES;
				CLANG_WARN__DUPLICATE_METHOD_MATCH = YES;
				COPY_PHASE_STRIP = NO;
				DEBUG_INFORMATION_FORMAT = dwarf;
				ENABLE_STRICT_OBJC_MSGSEND = YES;
				ENABLE_TESTABILITY = YES;
				GCC_C_LANGUAGE_STANDARD = gnu11;
				GCC_DYNAMIC_NO_PIC = NO;
				GCC_NO_COMMON_BLOCKS = YES;
				GCC_OPTIMIZATION_LEVEL = 0;
				GCC_PREPROCESSOR_DEFINITIONS = (
					"DEBUG=1",
					"$(inherited)",
				);
				GCC_WARN_64_TO_32_BIT_CONVERSION = YES;
				GCC_WARN_ABOUT_RETURN_TYPE = YES_ERROR;
				GCC_WARN_UNDECLARED_SELECTOR = YES;
				GCC_WARN_UNINITIALIZED_AUTOS = YES_AGGRESSIVE;
				GCC_WARN_UNUSED_FUNCTION = YES;
				GCC_WARN_UNUSED_VARIABLE = YES;
				IPHONEOS_DEPLOYMENT_TARGET = 13.2;
				MTL_ENABLE_DEBUG_INFO = INCLUDE_SOURCE;
				MTL_FAST_MATH = YES;
				ONLY_ACTIVE_ARCH = YES;
				SDKROOT = iphoneos;
				SWIFT_ACTIVE_COMPILATION_CONDITIONS = DEBUG;
				SWIFT_OPTIMIZATION_LEVEL = "-Onone";
			};
			name = Debug;
		};
		BE1251F62496974E006F264B /* Release */ = {
			isa = XCBuildConfiguration;
			buildSettings = {
				ALWAYS_SEARCH_USER_PATHS = NO;
				CLANG_ANALYZER_NONNULL = YES;
				CLANG_ANALYZER_NUMBER_OBJECT_CONVERSION = YES_AGGRESSIVE;
				CLANG_CXX_LANGUAGE_STANDARD = "gnu++14";
				CLANG_CXX_LIBRARY = "libc++";
				CLANG_ENABLE_MODULES = YES;
				CLANG_ENABLE_OBJC_ARC = YES;
				CLANG_ENABLE_OBJC_WEAK = YES;
				CLANG_WARN_BLOCK_CAPTURE_AUTORELEASING = YES;
				CLANG_WARN_BOOL_CONVERSION = YES;
				CLANG_WARN_COMMA = YES;
				CLANG_WARN_CONSTANT_CONVERSION = YES;
				CLANG_WARN_DEPRECATED_OBJC_IMPLEMENTATIONS = YES;
				CLANG_WARN_DIRECT_OBJC_ISA_USAGE = YES_ERROR;
				CLANG_WARN_DOCUMENTATION_COMMENTS = YES;
				CLANG_WARN_EMPTY_BODY = YES;
				CLANG_WARN_ENUM_CONVERSION = YES;
				CLANG_WARN_INFINITE_RECURSION = YES;
				CLANG_WARN_INT_CONVERSION = YES;
				CLANG_WARN_NON_LITERAL_NULL_CONVERSION = YES;
				CLANG_WARN_OBJC_IMPLICIT_RETAIN_SELF = YES;
				CLANG_WARN_OBJC_LITERAL_CONVERSION = YES;
				CLANG_WARN_OBJC_ROOT_CLASS = YES_ERROR;
				CLANG_WARN_RANGE_LOOP_ANALYSIS = YES;
				CLANG_WARN_STRICT_PROTOTYPES = YES;
				CLANG_WARN_SUSPICIOUS_MOVE = YES;
				CLANG_WARN_UNGUARDED_AVAILABILITY = YES_AGGRESSIVE;
				CLANG_WARN_UNREACHABLE_CODE = YES;
				CLANG_WARN__DUPLICATE_METHOD_MATCH = YES;
				COPY_PHASE_STRIP = NO;
				DEBUG_INFORMATION_FORMAT = "dwarf-with-dsym";
				ENABLE_NS_ASSERTIONS = NO;
				ENABLE_STRICT_OBJC_MSGSEND = YES;
				GCC_C_LANGUAGE_STANDARD = gnu11;
				GCC_NO_COMMON_BLOCKS = YES;
				GCC_WARN_64_TO_32_BIT_CONVERSION = YES;
				GCC_WARN_ABOUT_RETURN_TYPE = YES_ERROR;
				GCC_WARN_UNDECLARED_SELECTOR = YES;
				GCC_WARN_UNINITIALIZED_AUTOS = YES_AGGRESSIVE;
				GCC_WARN_UNUSED_FUNCTION = YES;
				GCC_WARN_UNUSED_VARIABLE = YES;
				IPHONEOS_DEPLOYMENT_TARGET = 13.2;
				MTL_ENABLE_DEBUG_INFO = NO;
				MTL_FAST_MATH = YES;
				SDKROOT = iphoneos;
				SWIFT_COMPILATION_MODE = wholemodule;
				SWIFT_OPTIMIZATION_LEVEL = "-O";
				VALIDATE_PRODUCT = YES;
			};
			name = Release;
		};
		BE1251F82496974E006F264B /* Debug */ = {
			isa = XCBuildConfiguration;
			buildSettings = {
				ASSETCATALOG_COMPILER_APPICON_NAME = AppIcon;
				CODE_SIGN_STYLE = Automatic;
				DEVELOPMENT_TEAM = F2YDAP57BY;
				INFOPLIST_FILE = "Teacher's_Week/Info.plist";
				IPHONEOS_DEPLOYMENT_TARGET = 12.0;
				LD_RUNPATH_SEARCH_PATHS = (
					"$(inherited)",
					"@executable_path/Frameworks",
				);
				PRODUCT_BUNDLE_IDENTIFIER = "v.Teacher-s-Week";
				PRODUCT_NAME = "$(TARGET_NAME)";
				SWIFT_VERSION = 5.0;
				TARGETED_DEVICE_FAMILY = "1,2";
			};
			name = Debug;
		};
		BE1251F92496974E006F264B /* Release */ = {
			isa = XCBuildConfiguration;
			buildSettings = {
				ASSETCATALOG_COMPILER_APPICON_NAME = AppIcon;
				CODE_SIGN_STYLE = Automatic;
				DEVELOPMENT_TEAM = F2YDAP57BY;
				INFOPLIST_FILE = "Teacher's_Week/Info.plist";
				IPHONEOS_DEPLOYMENT_TARGET = 12.0;
				LD_RUNPATH_SEARCH_PATHS = (
					"$(inherited)",
					"@executable_path/Frameworks",
				);
				PRODUCT_BUNDLE_IDENTIFIER = "v.Teacher-s-Week";
				PRODUCT_NAME = "$(TARGET_NAME)";
				SWIFT_VERSION = 5.0;
				TARGETED_DEVICE_FAMILY = "1,2";
			};
			name = Release;
		};
/* End XCBuildConfiguration section */

/* Begin XCConfigurationList section */
		BE1251DE24969745006F264B /* Build configuration list for PBXProject "Teacher's_Week" */ = {
			isa = XCConfigurationList;
			buildConfigurations = (
				BE1251F52496974E006F264B /* Debug */,
				BE1251F62496974E006F264B /* Release */,
			);
			defaultConfigurationIsVisible = 0;
			defaultConfigurationName = Release;
		};
		BE1251F72496974E006F264B /* Build configuration list for PBXNativeTarget "Teacher's_Week" */ = {
			isa = XCConfigurationList;
			buildConfigurations = (
				BE1251F82496974E006F264B /* Debug */,
				BE1251F92496974E006F264B /* Release */,
			);
			defaultConfigurationIsVisible = 0;
			defaultConfigurationName = Release;
		};
/* End XCConfigurationList section */

/* Begin XCRemoteSwiftPackageReference section */
		BEB323C324B06A1E00DD288B /* XCRemoteSwiftPackageReference "IQKeyboardManager" */ = {
			isa = XCRemoteSwiftPackageReference;
			repositoryURL = "https://github.com/hackiftekhar/IQKeyboardManager.git";
			requirement = {
				kind = upToNextMajorVersion;
				minimumVersion = 6.5.5;
			};
		};
/* End XCRemoteSwiftPackageReference section */

/* Begin XCSwiftPackageProductDependency section */
		BEB323C424B06A1E00DD288B /* IQKeyboardManagerSwift */ = {
			isa = XCSwiftPackageProductDependency;
			package = BEB323C324B06A1E00DD288B /* XCRemoteSwiftPackageReference "IQKeyboardManager" */;
			productName = IQKeyboardManagerSwift;
		};
/* End XCSwiftPackageProductDependency section */
	};
	rootObject = BE1251DB24969745006F264B /* Project object */;
}
